github.com/diamondburned/gotk4-layer-shell/pkg v0.0.0-20240109211357-6efa9f6dc438 h1:Ymnl4B+Fn4srLxXbRV2RY1iHT2SH3oAkOfxeEeMI3Fg=
github.com/diamondburned/gotk4-layer-shell/pkg v0.0.0-20240109211357-6efa9f6dc438/go.mod h1:AjrxxF6teeNWgaEg0zIUwoqFtXlVTHlEGZvrOn7RXaQ=
github.com/diamondburned/gotk4/pkg v0.4.1 h1:w4BwVUUBkKyNLz5HKHN2Oz3kZCTLHfpfKgB/su1p6uo=
github.com/diamondburned/gotk4/pkg v0.4.1/go.mod h1:BAEEDXtj5srQ1S2++5HX2K1s9c6CtuWSa60dAywrkRM=
github.com/k2-fsa/sherpa-onnx-go v1.13.5 h1:Xx2zwCsMyXne/B4uTeZdWJu9A+t+g1kfR5OjktsXPkc=
github.com/k2-fsa/sherpa-onnx-go v1.13.5/go.mod h1:qolVOvPGX18ngLa0WKP9jZa7ideLi+AnfVH9H41KhGk=
github.com/k2-fsa/sherpa-onnx-go-linux v1.13.5 h1:RgEVTBs2ybmWfV1yTegmPffg7fZwZQ4oZ+rHSpcOELk=
github.com/k2-fsa/sherpa-onnx-go-linux v1.13.5/go.mod h1:NXEH2rsBgTdqY59YpPq6CtSBlBAXy/8a9FmpLERU97I=
github.com/k2-fsa/sherpa-onnx-go-macos v1.13.5 h1:fujLerD3xl3A/BAEvW7rE/AzL5n+f8Xwpl45KoQEwvc=
github.com/k2-fsa/sherpa-onnx-go-macos v1.13.5/go.mod h1:ZOhUAXC62Unj0ZNfu6zxSFKcW96aXf7P3BsqiUyOBbE=
github.com/k2-fsa/sherpa-onnx-go-windows v1.13.5 h1:nIGX00kUJwiOp5bCJdROS56Pb/enIcD2iIhpzVWA7BA=
github.com/k2-fsa/sherpa-onnx-go-windows v1.13.5/go.mod h1:5AX7TU8+P/gInjglY1ijtWUM2b8iyR0QX4yEngzMe64=
github.com/pelletier/go-toml/v2 v2.3.1 h1:MYEvvGnQjeNkRF1qUuGolNtNExTDwct51yp7olPtrEc=
github.com/pelletier/go-toml/v2 v2.3.1/go.mod h1:2gIqNv+qfxSVS7cM2xJQKtLSTLUE9V8t9Stt+h56mCY=
golang.org/x/sync v0.0.0-20210220032951-036812b2e83c h1:5KslGYwFpkhGh+Q16bwMP3cOontH8FOep7tGV86Y7SQ=
golang.org/x/sync v0.0.0-20210220032951-036812b2e83c/go.mod h1:RxMgew5VJxzue5/jJTE5uejpjVlOe/izrB70Jof72aM=
